
Microsoft Visual Studio Solution File, Format Version 12.00
# Visual Studio 15
VisualStudioVersion = 15.0.28307.136
MinimumVisualStudioVersion = 10.0.40219.1
Project("{FAE04EC0-301F-11D3-BF4B-00C04F79EFBC}") = "AStar", "AStar\AStar.csproj", "{5BD90162-3FA9-41BC-9CB9-8257FD5F327A}"
EndProject
Global
	GlobalSection(SolutionConfigurationPlatforms) = preSolution
		Debug|Any CPU = Debug|Any CPU
		Release|Any CPU = Release|Any CPU
	EndGlobalSection
	GlobalSection(ProjectConfigurationPlatforms) = postSolution
		{5BD90162-3FA9-41BC-9CB9-8257FD5F327A}.Debug|Any CPU.ActiveCfg = Debug|Any CPU
		{5BD90162-3FA9-41BC-9CB9-8257FD5F327A}.Debug|Any CPU.Build.0 = Debug|Any CPU
		{5BD90162-3FA9-41BC-9CB9-8257FD5F327A}.Release|Any CPU.ActiveCfg = Release|Any CPU
		{5BD90162-3FA9-41BC-9CB9-8257FD5F327A}.Release|Any CPU.Build.0 = Release|Any CPU
	EndGlobalSection
	GlobalSection(SolutionProperties) = preSolution
		HideSolutionNode = FALSE
	EndGlobalSection
	GlobalSection(ExtensibilityGlobals) = postSolution
		SolutionGuid = {67D90A41-971C-4153-95DD-851C9861FFB8}
	EndGlobalSection
EndGlobal
